
Microsoft Visual Studio Solution File, Format Version 12.00
# Visual Studio Version 16
VisualStudioVersion = 16.0.29509.3
MinimumVisualStudioVersion = 10.0.40219.1
Project("{FAE04EC0-301F-11D3-BF4B-00C04F79EFBC}") = "Passwords-gui", "Passwords-gui.csproj", "{FC653B86-BD8C-4733-BADB-298125A696A8}"
EndProject
Global
	GlobalSection(SolutionConfigurationPlatforms) = preSolution
		Debug|Any CPU = Debug|Any CPU
		Release|Any CPU = Release|Any CPU
	EndGlobalSection
	GlobalSection(ProjectConfigurationPlatforms) = postSolution
		{FC653B86-BD8C-4733-BADB-298125A696A8}.Debug|Any CPU.ActiveCfg = Debug|Any CPU
		{FC653B86-BD8C-4733-BADB-298125A696A8}.Debug|Any CPU.Build.0 = Debug|Any CPU
		{FC653B86-BD8C-4733-BADB-298125A696A8}.Release|Any CPU.ActiveCfg = Release|Any CPU
		{FC653B86-BD8C-4733-BADB-298125A696A8}.Release|Any CPU.Build.0 = Release|Any CPU
	EndGlobalSection
	GlobalSection(SolutionProperties) = preSolution
		HideSolutionNode = FALSE
	EndGlobalSection
	GlobalSection(ExtensibilityGlobals) = postSolution
		SolutionGuid = {BB0F9B41-F514-4DB3-912C-18CFB170CDB2}
	EndGlobalSection
EndGlobal
